
Microsoft Visual Studio Solution File, Format Version 12.00
# Visual Studio Version 17
VisualStudioVersion = 17.4.33213.308
MinimumVisualStudioVersion = 10.0.40219.1
Project("{9A19103F-16F7-4668-BE54-9A1E7A4F7556}") = "TelegramStatistics", "TelegramStatistics\TelegramStatistics.csproj", "{327643D7-76ED-465E-8B6C-E4B652A711CF}"
EndProject
Project("{9A19103F-16F7-4668-BE54-9A1E7A4F7556}") = "TelegramStatistics.UnitTests", "TelegramStatistics.UnitTests\TelegramStatistics.UnitTests.csproj", "{C5F59040-F24D-4D1B-BB6A-E9A14A3AFC92}"
EndProject
Project("{9A19103F-16F7-4668-BE54-9A1E7A4F7556}") = "TelegramStatistics.CLI", "TelegramStatistics.CLI\TelegramStatistics.CLI.csproj", "{929FB680-291E-4B44-A6AA-B6C7B7600447}"
EndProject
Global
	GlobalSection(SolutionConfigurationPlatforms) = preSolution
		Debug|Any CPU = Debug|Any CPU
		Release|Any CPU = Release|Any CPU
	EndGlobalSection
	GlobalSection(ProjectConfigurationPlatforms) = postSolution
		{327643D7-76ED-465E-8B6C-E4B652A711CF}.Debug|Any CPU.ActiveCfg = Debug|Any CPU
		{327643D7-76ED-465E-8B6C-E4B652A711CF}.Debug|Any CPU.Build.0 = Debug|Any CPU
		{327643D7-76ED-465E-8B6C-E4B652A711CF}.Release|Any CPU.ActiveCfg = Release|Any CPU
		{327643D7-76ED-465E-8B6C-E4B652A711CF}.Release|Any CPU.Build.0 = Release|Any CPU
		{C5F59040-F24D-4D1B-BB6A-E9A14A3AFC92}.Debug|Any CPU.ActiveCfg = Debug|Any CPU
		{C5F59040-F24D-4D1B-BB6A-E9A14A3AFC92}.Debug|Any CPU.Build.0 = Debug|Any CPU
		{C5F59040-F24D-4D1B-BB6A-E9A14A3AFC92}.Release|Any CPU.ActiveCfg = Release|Any CPU
		{929FB680-291E-4B44-A6AA-B6C7B7600447}.Debug|Any CPU.ActiveCfg = Debug|Any CPU
		{929FB680-291E-4B44-A6AA-B6C7B7600447}.Debug|Any CPU.Build.0 = Debug|Any CPU
		{929FB680-291E-4B44-A6AA-B6C7B7600447}.Release|Any CPU.ActiveCfg = Release|Any CPU
		{929FB680-291E-4B44-A6AA-B6C7B7600447}.Release|Any CPU.Build.0 = Release|Any CPU
	EndGlobalSection
	GlobalSection(SolutionProperties) = preSolution
		HideSolutionNode = FALSE
	EndGlobalSection
	GlobalSection(ExtensibilityGlobals) = postSolution
		SolutionGuid = {DAE268E0-ACD6-4EAD-A312-BE9B1C33E9EA}
	EndGlobalSection
EndGlobal
